
Microsoft Visual Studio Solution File, Format Version 11.00
# Visual Studio 2010
Project("{FAE04EC0-301F-11D3-BF4B-00C04F79EFBC}") = "FolderPortal", "FolderPortal\FolderPortal.csproj", "{79E9A884-3DD3-455F-A927-5EDA4B56F80E}"
EndProject
Project("{FAE04EC0-301F-11D3-BF4B-00C04F79EFBC}") = "AlithiaLib", "..\AlithiaLib\AlithiaLib.csproj", "{0EE3A904-2780-4725-A8CF-FB72094FA188}"
EndProject
Global
	GlobalSection(SolutionConfigurationPlatforms) = preSolution
		Debug|Any CPU = Debug|Any CPU
		Release|Any CPU = Release|Any CPU
	EndGlobalSection
	GlobalSection(ProjectConfigurationPlatforms) = postSolution
		{79E9A884-3DD3-455F-A927-5EDA4B56F80E}.Debug|Any CPU.ActiveCfg = Debug|Any CPU
		{79E9A884-3DD3-455F-A927-5EDA4B56F80E}.Debug|Any CPU.Build.0 = Debug|Any CPU
		{79E9A884-3DD3-455F-A927-5EDA4B56F80E}.Release|Any CPU.ActiveCfg = Release|Any CPU
		{79E9A884-3DD3-455F-A927-5EDA4B56F80E}.Release|Any CPU.Build.0 = Release|Any CPU
		{0EE3A904-2780-4725-A8CF-FB72094FA188}.Debug|Any CPU.ActiveCfg = Debug|Any CPU
		{0EE3A904-2780-4725-A8CF-FB72094FA188}.Debug|Any CPU.Build.0 = Debug|Any CPU
		{0EE3A904-2780-4725-A8CF-FB72094FA188}.Release|Any CPU.ActiveCfg = Release|Any CPU
		{0EE3A904-2780-4725-A8CF-FB72094FA188}.Release|Any CPU.Build.0 = Release|Any CPU
	EndGlobalSection
	GlobalSection(SolutionProperties) = preSolution
		HideSolutionNode = FALSE
	EndGlobalSection
EndGlobal
