
Microsoft Visual Studio Solution File, Format Version 11.00
# Visual Studio 2010
Project("{FAE04EC0-301F-11D3-BF4B-00C04F79EFBC}") = "DiskBackedCache", "DiskBackedCache\DiskBackedCache.csproj", "{3626E1C9-B9D0-4509-9045-13B2CC1CCE03}"
EndProject
Project("{FAE04EC0-301F-11D3-BF4B-00C04F79EFBC}") = "AltSerialize", "..\AltSerializer\AltSerialize.csproj", "{1AD84581-F56C-4C36-A3AE-4B43EEF75DD6}"
EndProject
Project("{FAE04EC0-301F-11D3-BF4B-00C04F79EFBC}") = "TestProject1", "TestProject1\TestProject1.csproj", "{F6395E04-37DA-4508-B4E6-DAF31ECDB539}"
EndProject
Project("{2150E333-8FDC-42A3-9474-1A3956D46DE8}") = "Solution Items", "Solution Items", "{125E2D9A-6BDF-4D68-A4A0-116A023A8CEF}"
	ProjectSection(SolutionItems) = preProject
		DiskBackedCache.vsmdi = DiskBackedCache.vsmdi
		Local.testsettings = Local.testsettings
		TraceAndTestImpact.testsettings = TraceAndTestImpact.testsettings
	EndProjectSection
EndProject
Project("{FAE04EC0-301F-11D3-BF4B-00C04F79EFBC}") = "MassTransitLib", "..\MassTransitLib\MassTransitLib\MassTransitLib.csproj", "{1C46DDA9-378E-49A5-9E2D-8C3E75378A82}"
EndProject
Project("{F2A71F9B-5D33-465A-A702-920D77279786}") = "FSharpLib", "FSharpLib\FSharpLib.fsproj", "{1D75FEF6-5C74-4476-8B12-FF546BAE7E7B}"
EndProject
Global
	GlobalSection(TestCaseManagementSettings) = postSolution
		CategoryFile = DiskBackedCache.vsmdi
	EndGlobalSection
	GlobalSection(SolutionConfigurationPlatforms) = preSolution
		Debug|Any CPU = Debug|Any CPU
		Debug|Mixed Platforms = Debug|Mixed Platforms
		Debug|x86 = Debug|x86
		Release|Any CPU = Release|Any CPU
		Release|Mixed Platforms = Release|Mixed Platforms
		Release|x86 = Release|x86
	EndGlobalSection
	GlobalSection(ProjectConfigurationPlatforms) = postSolution
		{3626E1C9-B9D0-4509-9045-13B2CC1CCE03}.Debug|Any CPU.ActiveCfg = Debug|x86
		{3626E1C9-B9D0-4509-9045-13B2CC1CCE03}.Debug|Mixed Platforms.ActiveCfg = Debug|x86
		{3626E1C9-B9D0-4509-9045-13B2CC1CCE03}.Debug|Mixed Platforms.Build.0 = Debug|x86
		{3626E1C9-B9D0-4509-9045-13B2CC1CCE03}.Debug|x86.ActiveCfg = Debug|x86
		{3626E1C9-B9D0-4509-9045-13B2CC1CCE03}.Debug|x86.Build.0 = Debug|x86
		{3626E1C9-B9D0-4509-9045-13B2CC1CCE03}.Release|Any CPU.ActiveCfg = Release|x86
		{3626E1C9-B9D0-4509-9045-13B2CC1CCE03}.Release|Mixed Platforms.ActiveCfg = Release|x86
		{3626E1C9-B9D0-4509-9045-13B2CC1CCE03}.Release|Mixed Platforms.Build.0 = Release|x86
		{3626E1C9-B9D0-4509-9045-13B2CC1CCE03}.Release|x86.ActiveCfg = Release|x86
		{3626E1C9-B9D0-4509-9045-13B2CC1CCE03}.Release|x86.Build.0 = Release|x86
		{1AD84581-F56C-4C36-A3AE-4B43EEF75DD6}.Debug|Any CPU.ActiveCfg = Debug|Any CPU
		{1AD84581-F56C-4C36-A3AE-4B43EEF75DD6}.Debug|Any CPU.Build.0 = Debug|Any CPU
		{1AD84581-F56C-4C36-A3AE-4B43EEF75DD6}.Debug|Mixed Platforms.ActiveCfg = Debug|Any CPU
		{1AD84581-F56C-4C36-A3AE-4B43EEF75DD6}.Debug|Mixed Platforms.Build.0 = Debug|Any CPU
		{1AD84581-F56C-4C36-A3AE-4B43EEF75DD6}.Debug|x86.ActiveCfg = Debug|Any CPU
		{1AD84581-F56C-4C36-A3AE-4B43EEF75DD6}.Release|Any CPU.ActiveCfg = Release|Any CPU
		{1AD84581-F56C-4C36-A3AE-4B43EEF75DD6}.Release|Any CPU.Build.0 = Release|Any CPU
		{1AD84581-F56C-4C36-A3AE-4B43EEF75DD6}.Release|Mixed Platforms.ActiveCfg = Release|Any CPU
		{1AD84581-F56C-4C36-A3AE-4B43EEF75DD6}.Release|Mixed Platforms.Build.0 = Release|Any CPU
		{1AD84581-F56C-4C36-A3AE-4B43EEF75DD6}.Release|x86.ActiveCfg = Release|Any CPU
		{F6395E04-37DA-4508-B4E6-DAF31ECDB539}.Debug|Any CPU.ActiveCfg = Debug|Any CPU
		{F6395E04-37DA-4508-B4E6-DAF31ECDB539}.Debug|Any CPU.Build.0 = Debug|Any CPU
		{F6395E04-37DA-4508-B4E6-DAF31ECDB539}.Debug|Mixed Platforms.ActiveCfg = Debug|Any CPU
		{F6395E04-37DA-4508-B4E6-DAF31ECDB539}.Debug|Mixed Platforms.Build.0 = Debug|Any CPU
		{F6395E04-37DA-4508-B4E6-DAF31ECDB539}.Debug|x86.ActiveCfg = Debug|Any CPU
		{F6395E04-37DA-4508-B4E6-DAF31ECDB539}.Release|Any CPU.ActiveCfg = Release|Any CPU
		{F6395E04-37DA-4508-B4E6-DAF31ECDB539}.Release|Any CPU.Build.0 = Release|Any CPU
		{F6395E04-37DA-4508-B4E6-DAF31ECDB539}.Release|Mixed Platforms.ActiveCfg = Release|Any CPU
		{F6395E04-37DA-4508-B4E6-DAF31ECDB539}.Release|Mixed Platforms.Build.0 = Release|Any CPU
		{F6395E04-37DA-4508-B4E6-DAF31ECDB539}.Release|x86.ActiveCfg = Release|Any CPU
		{1C46DDA9-378E-49A5-9E2D-8C3E75378A82}.Debug|Any CPU.ActiveCfg = Debug|Any CPU
		{1C46DDA9-378E-49A5-9E2D-8C3E75378A82}.Debug|Any CPU.Build.0 = Debug|Any CPU
		{1C46DDA9-378E-49A5-9E2D-8C3E75378A82}.Debug|Mixed Platforms.ActiveCfg = Debug|Any CPU
		{1C46DDA9-378E-49A5-9E2D-8C3E75378A82}.Debug|Mixed Platforms.Build.0 = Debug|Any CPU
		{1C46DDA9-378E-49A5-9E2D-8C3E75378A82}.Debug|x86.ActiveCfg = Debug|Any CPU
		{1C46DDA9-378E-49A5-9E2D-8C3E75378A82}.Release|Any CPU.ActiveCfg = Release|Any CPU
		{1C46DDA9-378E-49A5-9E2D-8C3E75378A82}.Release|Any CPU.Build.0 = Release|Any CPU
		{1C46DDA9-378E-49A5-9E2D-8C3E75378A82}.Release|Mixed Platforms.ActiveCfg = Release|Any CPU
		{1C46DDA9-378E-49A5-9E2D-8C3E75378A82}.Release|Mixed Platforms.Build.0 = Release|Any CPU
		{1C46DDA9-378E-49A5-9E2D-8C3E75378A82}.Release|x86.ActiveCfg = Release|Any CPU
		{1D75FEF6-5C74-4476-8B12-FF546BAE7E7B}.Debug|Any CPU.ActiveCfg = Debug|Any CPU
		{1D75FEF6-5C74-4476-8B12-FF546BAE7E7B}.Debug|Any CPU.Build.0 = Debug|Any CPU
		{1D75FEF6-5C74-4476-8B12-FF546BAE7E7B}.Debug|Mixed Platforms.ActiveCfg = Debug|Any CPU
		{1D75FEF6-5C74-4476-8B12-FF546BAE7E7B}.Debug|Mixed Platforms.Build.0 = Debug|Any CPU
		{1D75FEF6-5C74-4476-8B12-FF546BAE7E7B}.Debug|x86.ActiveCfg = Debug|Any CPU
		{1D75FEF6-5C74-4476-8B12-FF546BAE7E7B}.Release|Any CPU.ActiveCfg = Release|Any CPU
		{1D75FEF6-5C74-4476-8B12-FF546BAE7E7B}.Release|Any CPU.Build.0 = Release|Any CPU
		{1D75FEF6-5C74-4476-8B12-FF546BAE7E7B}.Release|Mixed Platforms.ActiveCfg = Release|Any CPU
		{1D75FEF6-5C74-4476-8B12-FF546BAE7E7B}.Release|Mixed Platforms.Build.0 = Release|Any CPU
		{1D75FEF6-5C74-4476-8B12-FF546BAE7E7B}.Release|x86.ActiveCfg = Release|Any CPU
	EndGlobalSection
	GlobalSection(SolutionProperties) = preSolution
		HideSolutionNode = FALSE
	EndGlobalSection
EndGlobal
